hash: e2b66f7fbbe73da708f06987fb692e82ebc6fe654aec49d654fdbc919d205e56
updated: 2016-03-06T12:10:37.282816599Z
imports:
- name: fatih/color
  version: ""
- name: github.com/fatih/color
  version: 4f7bcef27eec7925456d0c30c5e7b0408b3339be
- name: github.com/hypebeast/go-osc
  version: bd039f804aa07d253d8334119d76d8fdd4c2986d
  subpackages:
  - osc
- name: github.com/mattn/go-colorable
  version: 9cbef7c35391cca05f15f8181dc0b18bc9736dbb
  repo: https://github.com/mattn/go-colorable
- name: github.com/mattn/go-isatty
  version: 56b76bdf51f7708750eac80fa38b952bb9f32639
  repo: https://github.com/mattn/go-isatty
devImports: []
